// !$*UTF8*$!
{
	archiveVersion = 1;
	classes = {
	};
	objectVersion = 46;
	objects = {

/* Begin PBXBuildFile section */
		B806D7BF1AC9FBBF00FF044A /* AGTPDFViewController.m in Sources */ = {isa = PBXBuildFile; fileRef = B806D7BD1AC9FBBF00FF044A /* AGTPDFViewController.m */; };
		B806D7C01AC9FBBF00FF044A /* AGTPDFViewController.xib in Resources */ = {isa = PBXBuildFile; fileRef = B806D7BE1AC9FBBF00FF044A /* AGTPDFViewController.xib */; };
		B806D7C81ACA075600FF044A /* NSLayoutConstraint+Lazy.m in Sources */ = {isa = PBXBuildFile; fileRef = B806D7C71ACA075600FF044A /* NSLayoutConstraint+Lazy.m */; };
		B806D7D81ACA0CF200FF044A /* Icon-29.png in Resources */ = {isa = PBXBuildFile; fileRef = B806D7C91ACA0CF200FF044A /* Icon-29.png */; };
		B806D7D91ACA0CF200FF044A /* Icon-40.png in Resources */ = {isa = PBXBuildFile; fileRef = B806D7CA1ACA0CF200FF044A /* Icon-40.png */; };
		B806D7DA1ACA0CF200FF044A /* Icon-50.png in Resources */ = {isa = PBXBuildFile; fileRef = B806D7CB1ACA0CF200FF044A /* Icon-50.png */; };
		B806D7DB1ACA0CF200FF044A /* Icon-57.png in Resources */ = {isa = PBXBuildFile; fileRef = B806D7CC1ACA0CF200FF044A /* Icon-57.png */; };
		B806D7DC1ACA0CF200FF044A /* Icon-58.png in Resources */ = {isa = PBXBuildFile; fileRef = B806D7CD1ACA0CF200FF044A /* Icon-58.png */; };
		B806D7DD1ACA0CF200FF044A /* Icon-60.png in Resources */ = {isa = PBXBuildFile; fileRef = B806D7CE1ACA0CF200FF044A /* Icon-60.png */; };
		B806D7DE1ACA0CF200FF044A /* Icon-72.png in Resources */ = {isa = PBXBuildFile; fileRef = B806D7CF1ACA0CF200FF044A /* Icon-72.png */; };
		B806D7DF1ACA0CF200FF044A /* Icon-76.png in Resources */ = {isa = PBXBuildFile; fileRef = B806D7D01ACA0CF200FF044A /* Icon-76.png */; };
		B806D7E01ACA0CF200FF044A /* Icon-80.png in Resources */ = {isa = PBXBuildFile; fileRef = B806D7D11ACA0CF200FF044A /* Icon-80.png */; };
		B806D7E11ACA0CF200FF044A /* Icon-87.png in Resources */ = {isa = PBXBuildFile; fileRef = B806D7D21ACA0CF200FF044A /* Icon-87.png */; };
		B806D7E21ACA0CF200FF044A /* Icon-114.png in Resources */ = {isa = PBXBuildFile; fileRef = B806D7D31ACA0CF200FF044A /* Icon-114.png */; };
		B806D7E31ACA0CF200FF044A /* Icon-120.png in Resources */ = {isa = PBXBuildFile; fileRef = B806D7D41ACA0CF200FF044A /* Icon-120.png */; };
		B806D7E41ACA0CF200FF044A /* Icon-144.png in Resources */ = {isa = PBXBuildFile; fileRef = B806D7D51ACA0CF200FF044A /* Icon-144.png */; };
		B806D7E51ACA0CF200FF044A /* Icon-152.png in Resources */ = {isa = PBXBuildFile; fileRef = B806D7D61ACA0CF200FF044A /* Icon-152.png */; };
		B806D7E61ACA0CF200FF044A /* icon1024.png in Resources */ = {isa = PBXBuildFile; fileRef = B806D7D71ACA0CF200FF044A /* icon1024.png */; };
		B82C049E1AC747E600E3D07F /* AGTTableViewCell.m in Sources */ = {isa = PBXBuildFile; fileRef = B82C049C1AC747E600E3D07F /* AGTTableViewCell.m */; };
		B82C049F1AC747E600E3D07F /* AGTTableViewCell.xib in Resources */ = {isa = PBXBuildFile; fileRef = B82C049D1AC747E600E3D07F /* AGTTableViewCell.xib */; };
		B82C04A21AC749E800E3D07F /* blue_ball.png in Resources */ = {isa = PBXBuildFile; fileRef = B82C04A11AC749E800E3D07F /* blue_ball.png */; };
		B82C04A61AC7508A00E3D07F /* AGTBookViewController.m in Sources */ = {isa = PBXBuildFile; fileRef = B82C04A41AC7508A00E3D07F /* AGTBookViewController.m */; };
		B82C04A71AC7508A00E3D07F /* AGTBookViewController.xib in Resources */ = {isa = PBXBuildFile; fileRef = B82C04A51AC7508A00E3D07F /* AGTBookViewController.xib */; };
		B82C04AB1AC76FEC00E3D07F /* AGTSimplePDFViewController.m in Sources */ = {isa = PBXBuildFile; fileRef = B82C04A91AC76FEC00E3D07F /* AGTSimplePDFViewController.m */; };
		B82C04AC1AC76FEC00E3D07F /* AGTSimplePDFViewController.xib in Resources */ = {isa = PBXBuildFile; fileRef = B82C04AA1AC76FEC00E3D07F /* AGTSimplePDFViewController.xib */; };
		B8B842381AC6AE4E0076A0D1 /* main.m in Sources */ = {isa = PBXBuildFile; fileRef = B8B842371AC6AE4E0076A0D1 /* main.m */; };
		B8B8423B1AC6AE4E0076A0D1 /* AppDelegate.m in Sources */ = {isa = PBXBuildFile; fileRef = B8B8423A1AC6AE4E0076A0D1 /* AppDelegate.m */; };
		B8B842431AC6AE4E0076A0D1 /* Images.xcassets in Resources */ = {isa = PBXBuildFile; fileRef = B8B842421AC6AE4E0076A0D1 /* Images.xcassets */; };
		B8B842461AC6AE4E0076A0D1 /* LaunchScreen.xib in Resources */ = {isa = PBXBuildFile; fileRef = B8B842441AC6AE4E0076A0D1 /* LaunchScreen.xib */; };
		B8B842521AC6AE4E0076A0D1 /* HackerBooksTests.m in Sources */ = {isa = PBXBuildFile; fileRef = B8B842511AC6AE4E0076A0D1 /* HackerBooksTests.m */; };
		B8B8425D1AC6B10C0076A0D1 /* AGTBook.m in Sources */ = {isa = PBXBuildFile; fileRef = B8B8425C1AC6B10C0076A0D1 /* AGTBook.m */; };
		B8B842611AC6B49D0076A0D1 /* AGTLibrary.m in Sources */ = {isa = PBXBuildFile; fileRef = B8B842601AC6B49D0076A0D1 /* AGTLibrary.m */; };
		B8B842671AC6CB500076A0D1 /* AGTableViewController.m in Sources */ = {isa = PBXBuildFile; fileRef = B8B842651AC6CB500076A0D1 /* AGTableViewController.m */; };
		B8B842681AC6CB500076A0D1 /* AGTTableViewController.xib in Resources */ = {isa = PBXBuildFile; fileRef = B8B842661AC6CB500076A0D1 /* AGTTableViewController.xib */; };
		C607F2AFA66CFF161178990F /* libPods.a in Frameworks */ = {isa = PBXBuildFile; fileRef = 78A92874FA52E2F8825B6985 /* libPods.a */; };
/* End PBXBuildFile section */

/* Begin PBXContainerItemProxy section */
		B8B8424C1AC6AE4E0076A0D1 /* PBXContainerItemProxy */ = {
			isa = PBXContainerItemProxy;
			containerPortal = B8B8422A1AC6AE4E0076A0D1 /* Project object */;
			proxyType = 1;
			remoteGlobalIDString = B8B842311AC6AE4E0076A0D1;
			remoteInfo = HackerBooks;
		};
/* End PBXContainerItemProxy section */

/* Begin PBXFileReference section */
		78A92874FA52E2F8825B6985 /* libPods.a */ = {isa = PBXFileReference; explicitFileType = archive.ar; includeInIndex = 0; path = libPods.a; sourceTree = BUILT_PRODUCTS_DIR; };
		A38F4DDE82F52CABCF2869AA /* Pods.debug.xcconfig */ = {isa = PBXFileReference; includeInIndex = 1; lastKnownFileType = text.xcconfig; name = Pods.debug.xcconfig; path = "Pods/Target Support Files/Pods/Pods.debug.xcconfig"; sourceTree = "<group>"; };
		B806D7BC1AC9FBBF00FF044A /* AGTPDFViewController.h */ = {isa = PBXFileReference; fileEncoding = 4; lastKnownFileType = sourcecode.c.h; name = AGTPDFViewController.h; path = Controllers/AGTPDFViewController.h; sourceTree = "<group>"; };
		B806D7BD1AC9FBBF00FF044A /* AGTPDFViewController.m */ = {isa = PBXFileReference; fileEncoding = 4; lastKnownFileType = sourcecode.c.objc; name = AGTPDFViewController.m; path = Controllers/AGTPDFViewController.m; sourceTree = "<group>"; };
		B806D7BE1AC9FBBF00FF044A /* AGTPDFViewController.xib */ = {isa = PBXFileReference; fileEncoding = 4; lastKnownFileType = file.xib; name = AGTPDFViewController.xib; path = Controllers/AGTPDFViewController.xib; sourceTree = "<group>"; };
		B806D7C61ACA075600FF044A /* NSLayoutConstraint+Lazy.h */ = {isa = PBXFileReference; fileEncoding = 4; lastKnownFileType = sourcecode.c.h; path = "NSLayoutConstraint+Lazy.h"; sourceTree = "<group>"; };
		B806D7C71ACA075600FF044A /* NSLayoutConstraint+Lazy.m */ = {isa = PBXFileReference; fileEncoding = 4; lastKnownFileType = sourcecode.c.objc; path = "NSLayoutConstraint+Lazy.m"; sourceTree = "<group>"; };
		B806D7C91ACA0CF200FF044A /* Icon-29.png */ = {isa = PBXFileReference; lastKnownFileType = image.png; path = "Icon-29.png"; sourceTree = "<group>"; };
		B806D7CA1ACA0CF200FF044A /* Icon-40.png */ = {isa = PBXFileReference; lastKnownFileType = image.png; path = "Icon-40.png"; sourceTree = "<group>"; };
		B806D7CB1ACA0CF200FF044A /* Icon-50.png */ = {isa = PBXFileReference; lastKnownFileType = image.png; path = "Icon-50.png"; sourceTree = "<group>"; };
		B806D7CC1ACA0CF200FF044A /* Icon-57.png */ = {isa = PBXFileReference; lastKnownFileType = image.png; path = "Icon-57.png"; sourceTree = "<group>"; };
		B806D7CD1ACA0CF200FF044A /* Icon-58.png */ = {isa = PBXFileReference; lastKnownFileType = image.png; path = "Icon-58.png"; sourceTree = "<group>"; };
		B806D7CE1ACA0CF200FF044A /* Icon-60.png */ = {isa = PBXFileReference; lastKnownFileType = image.png; path = "Icon-60.png"; sourceTree = "<group>"; };
		B806D7CF1ACA0CF200FF044A /* Icon-72.png */ = {isa = PBXFileReference; lastKnownFileType = image.png; path = "Icon-72.png"; sourceTree = "<group>"; };
		B806D7D01ACA0CF200FF044A /* Icon-76.png */ = {isa = PBXFileReference; lastKnownFileType = image.png; path = "Icon-76.png"; sourceTree = "<group>"; };
		B806D7D11ACA0CF200FF044A /* Icon-80.png */ = {isa = PBXFileReference; lastKnownFileType = image.png; path = "Icon-80.png"; sourceTree = "<group>"; };
		B806D7D21ACA0CF200FF044A /* Icon-87.png */ = {isa = PBXFileReference; lastKnownFileType = image.png; path = "Icon-87.png"; sourceTree = "<group>"; };
		B806D7D31ACA0CF200FF044A /* Icon-114.png */ = {isa = PBXFileReference; lastKnownFileType = image.png; path = "Icon-114.png"; sourceTree = "<group>"; };
		B806D7D41ACA0CF200FF044A /* Icon-120.png */ = {isa = PBXFileReference; lastKnownFileType = image.png; path = "Icon-120.png"; sourceTree = "<group>"; };
		B806D7D51ACA0CF200FF044A /* Icon-144.png */ = {isa = PBXFileReference; lastKnownFileType = image.png; path = "Icon-144.png"; sourceTree = "<group>"; };
		B806D7D61ACA0CF200FF044A /* Icon-152.png */ = {isa = PBXFileReference; lastKnownFileType = image.png; path = "Icon-152.png"; sourceTree = "<group>"; };
		B806D7D71ACA0CF200FF044A /* icon1024.png */ = {isa = PBXFileReference; lastKnownFileType = image.png; path = icon1024.png; sourceTree = "<group>"; };
		B82C049B1AC747E600E3D07F /* AGTTableViewCell.h */ = {isa = PBXFileReference; fileEncoding = 4; lastKnownFileType = sourcecode.c.h; name = AGTTableViewCell.h; path = Controllers/AGTTableViewCell.h; sourceTree = "<group>"; };
		B82C049C1AC747E600E3D07F /* AGTTableViewCell.m */ = {isa = PBXFileReference; fileEncoding = 4; lastKnownFileType = sourcecode.c.objc; name = AGTTableViewCell.m; path = Controllers/AGTTableViewCell.m; sourceTree = "<group>"; };
		B82C049D1AC747E600E3D07F /* AGTTableViewCell.xib */ = {isa = PBXFileReference; fileEncoding = 4; lastKnownFileType = file.xib; name = AGTTableViewCell.xib; path = Controllers/AGTTableViewCell.xib; sourceTree = "<group>"; };
		B82C04A11AC749E800E3D07F /* blue_ball.png */ = {isa = PBXFileReference; lastKnownFileType = image.png; path = blue_ball.png; sourceTree = "<group>"; };
		B82C04A31AC7508A00E3D07F /* AGTBookViewController.h */ = {isa = PBXFileReference; fileEncoding = 4; lastKnownFileType = sourcecode.c.h; name = AGTBookViewController.h; path = Controllers/AGTBookViewController.h; sourceTree = "<group>"; };
		B82C04A41AC7508A00E3D07F /* AGTBookViewController.m */ = {isa = PBXFileReference; fileEncoding = 4; lastKnownFileType = sourcecode.c.objc; name = AGTBookViewController.m; path = Controllers/AGTBookViewController.m; sourceTree = "<group>"; };
		B82C04A51AC7508A00E3D07F /* AGTBookViewController.xib */ = {isa = PBXFileReference; fileEncoding = 4; lastKnownFileType = file.xib; name = AGTBookViewController.xib; path = Controllers/AGTBookViewController.xib; sourceTree = "<group>"; };
		B82C04A81AC76FEC00E3D07F /* AGTSimplePDFViewController.h */ = {isa = PBXFileReference; fileEncoding = 4; lastKnownFileType = sourcecode.c.h; name = AGTSimplePDFViewController.h; path = Controllers/AGTSimplePDFViewController.h; sourceTree = "<group>"; };
		B82C04A91AC76FEC00E3D07F /* AGTSimplePDFViewController.m */ = {isa = PBXFileReference; fileEncoding = 4; lastKnownFileType = sourcecode.c.objc; name = AGTSimplePDFViewController.m; path = Controllers/AGTSimplePDFViewController.m; sourceTree = "<group>"; };
		B82C04AA1AC76FEC00E3D07F /* AGTSimplePDFViewController.xib */ = {isa = PBXFileReference; fileEncoding = 4; lastKnownFileType = file.xib; name = AGTSimplePDFViewController.xib; path = Controllers/AGTSimplePDFViewController.xib; sourceTree = "<group>"; };
		B8B842321AC6AE4E0076A0D1 /* HackerBooks.app */ = {isa = PBXFileReference; explicitFileType = wrapper.application; includeInIndex = 0; path = HackerBooks.app; sourceTree = BUILT_PRODUCTS_DIR; };
		B8B842361AC6AE4E0076A0D1 /* Info.plist */ = {isa = PBXFileReference; lastKnownFileType = text.plist.xml; path = Info.plist; sourceTree = "<group>"; };
		B8B842371AC6AE4E0076A0D1 /* main.m */ = {isa = PBXFileReference; lastKnownFileType = sourcecode.c.objc; path = main.m; sourceTree = "<group>"; };
		B8B842391AC6AE4E0076A0D1 /* AppDelegate.h */ = {isa = PBXFileReference; lastKnownFileType = sourcecode.c.h; path = AppDelegate.h; sourceTree = "<group>"; };
		B8B8423A1AC6AE4E0076A0D1 /* AppDelegate.m */ = {isa = PBXFileReference; lastKnownFileType = sourcecode.c.objc; path = AppDelegate.m; sourceTree = "<group>"; };
		B8B842421AC6AE4E0076A0D1 /* Images.xcassets */ = {isa = PBXFileReference; lastKnownFileType = folder.assetcatalog; path = Images.xcassets; sourceTree = "<group>"; };
		B8B842451AC6AE4E0076A0D1 /* Base */ = {isa = PBXFileReference; lastKnownFileType = file.xib; name = Base; path = Base.lproj/LaunchScreen.xib; sourceTree = "<group>"; };
		B8B8424B1AC6AE4E0076A0D1 /* HackerBooksTests.xctest */ = {isa = PBXFileReference; explicitFileType = wrapper.cfbundle; includeInIndex = 0; path = HackerBooksTests.xctest; sourceTree = BUILT_PRODUCTS_DIR; };
		B8B842501AC6AE4E0076A0D1 /* Info.plist */ = {isa = PBXFileReference; lastKnownFileType = text.plist.xml; path = Info.plist; sourceTree = "<group>"; };
		B8B842511AC6AE4E0076A0D1 /* HackerBooksTests.m */ = {isa = PBXFileReference; lastKnownFileType = sourcecode.c.objc; path = HackerBooksTests.m; sourceTree = "<group>"; };
		B8B8425B1AC6B10C0076A0D1 /* AGTBook.h */ = {isa = PBXFileReference; fileEncoding = 4; lastKnownFileType = sourcecode.c.h; name = AGTBook.h; path = Model/AGTBook.h; sourceTree = "<group>"; };
		B8B8425C1AC6B10C0076A0D1 /* AGTBook.m */ = {isa = PBXFileReference; fileEncoding = 4; lastKnownFileType = sourcecode.c.objc; name = AGTBook.m; path = Model/AGTBook.m; sourceTree = "<group>"; };
		B8B8425F1AC6B49D0076A0D1 /* AGTLibrary.h */ = {isa = PBXFileReference; fileEncoding = 4; lastKnownFileType = sourcecode.c.h; name = AGTLibrary.h; path = Model/AGTLibrary.h; sourceTree = "<group>"; };
		B8B842601AC6B49D0076A0D1 /* AGTLibrary.m */ = {isa = PBXFileReference; fileEncoding = 4; lastKnownFileType = sourcecode.c.objc; name = AGTLibrary.m; path = Model/AGTLibrary.m; sourceTree = "<group>"; };
		B8B842621AC6B6510076A0D1 /* Settings.h */ = {isa = PBXFileReference; lastKnownFileType = sourcecode.c.h; path = Settings.h; sourceTree = "<group>"; };
		B8B842641AC6CB500076A0D1 /* AGTTableViewController.h */ = {isa = PBXFileReference; fileEncoding = 4; lastKnownFileType = sourcecode.c.h; name = AGTTableViewController.h; path = Controllers/AGTTableViewController.h; sourceTree = "<group>"; };
		B8B842651AC6CB500076A0D1 /* AGTableViewController.m */ = {isa = PBXFileReference; fileEncoding = 4; lastKnownFileType = sourcecode.c.objc; name = AGTableViewController.m; path = Controllers/AGTableViewController.m; sourceTree = "<group>"; };
		B8B842661AC6CB500076A0D1 /* AGTTableViewController.xib */ = {isa = PBXFileReference; fileEncoding = 4; lastKnownFileType = file.xib; name = AGTTableViewController.xib; path = Controllers/AGTTableViewController.xib; sourceTree = "<group>"; };
		FAD85DD40EAFDB107562BF46 /* Pods.release.xcconfig */ = {isa = PBXFileReference; includeInIndex = 1; lastKnownFileType = text.xcconfig; name = Pods.release.xcconfig; path = "Pods/Target Support Files/Pods/Pods.release.xcconfig"; sourceTree = "<group>"; };
/* End PBXFileReference section */

/* Begin PBXFrameworksBuildPhase section */
		B8B8422F1AC6AE4E0076A0D1 /* Frameworks */ = {
			isa = PBXFrameworksBuildPhase;
			buildActionMask = 2147483647;
			files = (
				C607F2AFA66CFF161178990F /* libPods.a in Frameworks */,
			);
			runOnlyForDeploymentPostprocessing = 0;
		};
		B8B842481AC6AE4E0076A0D1 /* Frameworks */ = {
			isa = PBXFrameworksBuildPhase;
			buildActionMask = 2147483647;
			files = (
			);
			runOnlyForDeploymentPostprocessing = 0;
		};
/* End PBXFrameworksBuildPhase section */

/* Begin PBXGroup section */
		3F70B7852B0E425DA9DFD4E9 /* Frameworks */ = {
			isa = PBXGroup;
			children = (
				78A92874FA52E2F8825B6985 /* libPods.a */,
			);
			name = Frameworks;
			sourceTree = "<group>";
		};
		893103A28CB1400558A64394 /* Pods */ = {
			isa = PBXGroup;
			children = (
				A38F4DDE82F52CABCF2869AA /* Pods.debug.xcconfig */,
				FAD85DD40EAFDB107562BF46 /* Pods.release.xcconfig */,
			);
			name = Pods;
			sourceTree = "<group>";
		};
		B806D7C51ACA075600FF044A /* Auxiliar */ = {
			isa = PBXGroup;
			children = (
				B806D7C61ACA075600FF044A /* NSLayoutConstraint+Lazy.h */,
				B806D7C71ACA075600FF044A /* NSLayoutConstraint+Lazy.m */,
			);
			path = Auxiliar;
			sourceTree = "<group>";
		};
		B82C04A01AC749E800E3D07F /* Resources */ = {
			isa = PBXGroup;
			children = (
				B806D7C91ACA0CF200FF044A /* Icon-29.png */,
				B806D7CA1ACA0CF200FF044A /* Icon-40.png */,
				B806D7CB1ACA0CF200FF044A /* Icon-50.png */,
				B806D7CC1ACA0CF200FF044A /* Icon-57.png */,
				B806D7CD1ACA0CF200FF044A /* Icon-58.png */,
				B806D7CE1ACA0CF200FF044A /* Icon-60.png */,
				B806D7CF1ACA0CF200FF044A /* Icon-72.png */,
				B806D7D01ACA0CF200FF044A /* Icon-76.png */,
				B806D7D11ACA0CF200FF044A /* Icon-80.png */,
				B806D7D21ACA0CF200FF044A /* Icon-87.png */,
				B806D7D31ACA0CF200FF044A /* Icon-114.png */,
				B806D7D41ACA0CF200FF044A /* Icon-120.png */,
				B806D7D51ACA0CF200FF044A /* Icon-144.png */,
				B806D7D61ACA0CF200FF044A /* Icon-152.png */,
				B806D7D71ACA0CF200FF044A /* icon1024.png */,
				B82C04A11AC749E800E3D07F /* blue_ball.png */,
			);
			path = Resources;
			sourceTree = "<group>";
		};
		B8B842291AC6AE4E0076A0D1 = {
			isa = PBXGroup;
			children = (
				B8B842341AC6AE4E0076A0D1 /* HackerBooks */,
				B8B8424E1AC6AE4E0076A0D1 /* HackerBooksTests */,
				B8B842331AC6AE4E0076A0D1 /* Products */,
				893103A28CB1400558A64394 /* Pods */,
				3F70B7852B0E425DA9DFD4E9 /* Frameworks */,
			);
			sourceTree = "<group>";
		};
		B8B842331AC6AE4E0076A0D1 /* Products */ = {
			isa = PBXGroup;
			children = (
				B8B842321AC6AE4E0076A0D1 /* HackerBooks.app */,
				B8B8424B1AC6AE4E0076A0D1 /* HackerBooksTests.xctest */,
			);
			name = Products;
			sourceTree = "<group>";
		};
		B8B842341AC6AE4E0076A0D1 /* HackerBooks */ = {
			isa = PBXGroup;
			children = (
				B806D7C51ACA075600FF044A /* Auxiliar */,
				B8B842631AC6CB050076A0D1 /* Controllers */,
				B8B842391AC6AE4E0076A0D1 /* AppDelegate.h */,
				B8B8423A1AC6AE4E0076A0D1 /* AppDelegate.m */,
				B8B842421AC6AE4E0076A0D1 /* Images.xcassets */,
				B8B842441AC6AE4E0076A0D1 /* LaunchScreen.xib */,
				B8B8425E1AC6B1110076A0D1 /* Model */,
				B82C04A01AC749E800E3D07F /* Resources */,
				B8B842351AC6AE4E0076A0D1 /* Supporting Files */,
				B8B842621AC6B6510076A0D1 /* Settings.h */,
			);
			path = HackerBooks;
			sourceTree = "<group>";
		};
		B8B842351AC6AE4E0076A0D1 /* Supporting Files */ = {
			isa = PBXGroup;
			children = (
				B8B842361AC6AE4E0076A0D1 /* Info.plist */,
				B8B842371AC6AE4E0076A0D1 /* main.m */,
			);
			name = "Supporting Files";
			sourceTree = "<group>";
		};
		B8B8424E1AC6AE4E0076A0D1 /* HackerBooksTests */ = {
			isa = PBXGroup;
			children = (
				B8B842511AC6AE4E0076A0D1 /* HackerBooksTests.m */,
				B8B8424F1AC6AE4E0076A0D1 /* Supporting Files */,
			);
			path = HackerBooksTests;
			sourceTree = "<group>";
		};
		B8B8424F1AC6AE4E0076A0D1 /* Supporting Files */ = {
			isa = PBXGroup;
			children = (
				B8B842501AC6AE4E0076A0D1 /* Info.plist */,
			);
			name = "Supporting Files";
			sourceTree = "<group>";
		};
		B8B8425E1AC6B1110076A0D1 /* Model */ = {
			isa = PBXGroup;
			children = (
				B8B8425B1AC6B10C0076A0D1 /* AGTBook.h */,
				B8B8425C1AC6B10C0076A0D1 /* AGTBook.m */,
				B8B8425F1AC6B49D0076A0D1 /* AGTLibrary.h */,
				B8B842601AC6B49D0076A0D1 /* AGTLibrary.m */,
			);
			name = Model;
			sourceTree = "<group>";
		};
		B8B842631AC6CB050076A0D1 /* Controllers */ = {
			isa = PBXGroup;
			children = (
				B8B842641AC6CB500076A0D1 /* AGTTableViewController.h */,
				B8B842651AC6CB500076A0D1 /* AGTableViewController.m */,
				B8B842661AC6CB500076A0D1 /* AGTTableViewController.xib */,
				B82C049B1AC747E600E3D07F /* AGTTableViewCell.h */,
				B82C049C1AC747E600E3D07F /* AGTTableViewCell.m */,
				B82C049D1AC747E600E3D07F /* AGTTableViewCell.xib */,
				B82C04A31AC7508A00E3D07F /* AGTBookViewController.h */,
				B82C04A41AC7508A00E3D07F /* AGTBookViewController.m */,
				B82C04A51AC7508A00E3D07F /* AGTBookViewController.xib */,
				B82C04A81AC76FEC00E3D07F /* AGTSimplePDFViewController.h */,
				B82C04A91AC76FEC00E3D07F /* AGTSimplePDFViewController.m */,
				B82C04AA1AC76FEC00E3D07F /* AGTSimplePDFViewController.xib */,
				B806D7BC1AC9FBBF00FF044A /* AGTPDFViewController.h */,
				B806D7BD1AC9FBBF00FF044A /* AGTPDFViewController.m */,
				B806D7BE1AC9FBBF00FF044A /* AGTPDFViewController.xib */,
			);
			name = Controllers;
			sourceTree = "<group>";
		};
/* End PBXGroup section */

/* Begin PBXNativeTarget section */
		B8B842311AC6AE4E0076A0D1 /* HackerBooks */ = {
			isa = PBXNativeTarget;
			buildConfigurationList = B8B842551AC6AE4E0076A0D1 /* Build configuration list for PBXNativeTarget "HackerBooks" */;
			buildPhases = (
				9D7598D4CCE719062DB400D1 /* Check Pods Manifest.lock */,
				B8B8422E1AC6AE4E0076A0D1 /* Sources */,
				B8B8422F1AC6AE4E0076A0D1 /* Frameworks */,
				B8B842301AC6AE4E0076A0D1 /* Resources */,
				17FAD8BC559A709BA92728C4 /* Copy Pods Resources */,
			);
			buildRules = (
			);
			dependencies = (
			);
			name = HackerBooks;
			productName = HackerBooks;
			productReference = B8B842321AC6AE4E0076A0D1 /* HackerBooks.app */;
			productType = "com.apple.product-type.application";
		};
		B8B8424A1AC6AE4E0076A0D1 /* HackerBooksTests */ = {
			isa = PBXNativeTarget;
			buildConfigurationList = B8B842581AC6AE4E0076A0D1 /* Build configuration list for PBXNativeTarget "HackerBooksTests" */;
			buildPhases = (
				B8B842471AC6AE4E0076A0D1 /* Sources */,
				B8B842481AC6AE4E0076A0D1 /* Frameworks */,
				B8B842491AC6AE4E0076A0D1 /* Resources */,
			);
			buildRules = (
			);
			dependencies = (
				B8B8424D1AC6AE4E0076A0D1 /* PBXTargetDependency */,
			);
			name = HackerBooksTests;
			productName = HackerBooksTests;
			productReference = B8B8424B1AC6AE4E0076A0D1 /* HackerBooksTests.xctest */;
			productType = "com.apple.product-type.bundle.unit-test";
		};
/* End PBXNativeTarget section */

/* Begin PBXProject section */
		B8B8422A1AC6AE4E0076A0D1 /* Project object */ = {
			isa = PBXProject;
			attributes = {
				LastUpgradeCheck = 0620;
				ORGANIZATIONNAME = Biscarri;
				TargetAttributes = {
					B8B842311AC6AE4E0076A0D1 = {
						CreatedOnToolsVersion = 6.2;
					};
					B8B8424A1AC6AE4E0076A0D1 = {
						CreatedOnToolsVersion = 6.2;
						TestTargetID = B8B842311AC6AE4E0076A0D1;
					};
				};
			};
			buildConfigurationList = B8B8422D1AC6AE4E0076A0D1 /* Build configuration list for PBXProject "HackerBooks" */;
			compatibilityVersion = "Xcode 3.2";
			developmentRegion = English;
			hasScannedForEncodings = 0;
			knownRegions = (
				en,
				Base,
			);
			mainGroup = B8B842291AC6AE4E0076A0D1;
			productRefGroup = B8B842331AC6AE4E0076A0D1 /* Products */;
			projectDirPath = "";
			projectRoot = "";
			targets = (
				B8B842311AC6AE4E0076A0D1 /* HackerBooks */,
				B8B8424A1AC6AE4E0076A0D1 /* HackerBooksTests */,
			);
		};
/* End PBXProject section */

/* Begin PBXResourcesBuildPhase section */
		B8B842301AC6AE4E0076A0D1 /* Resources */ = {
			isa = PBXResourcesBuildPhase;
			buildActionMask = 2147483647;
			files = (
				B82C04AC1AC76FEC00E3D07F /* AGTSimplePDFViewController.xib in Resources */,
				B806D7DF1ACA0CF200FF044A /* Icon-76.png in Resources */,
				B806D7E61ACA0CF200FF044A /* icon1024.png in Resources */,
				B806D7DA1ACA0CF200FF044A /* Icon-50.png in Resources */,
				B82C049F1AC747E600E3D07F /* AGTTableViewCell.xib in Resources */,
				B806D7D81ACA0CF200FF044A /* Icon-29.png in Resources */,
				B8B842461AC6AE4E0076A0D1 /* LaunchScreen.xib in Resources */,
				B806D7D91ACA0CF200FF044A /* Icon-40.png in Resources */,
				B806D7E41ACA0CF200FF044A /* Icon-144.png in Resources */,
				B82C04A71AC7508A00E3D07F /* AGTBookViewController.xib in Resources */,
				B806D7E31ACA0CF200FF044A /* Icon-120.png in Resources */,
				B8B842681AC6CB500076A0D1 /* AGTTableViewController.xib in Resources */,
				B806D7DB1ACA0CF200FF044A /* Icon-57.png in Resources */,
				B82C04A21AC749E800E3D07F /* blue_ball.png in Resources */,
				B806D7E21ACA0CF200FF044A /* Icon-114.png in Resources */,
				B806D7C01AC9FBBF00FF044A /* AGTPDFViewController.xib in Resources */,
				B806D7DE1ACA0CF200FF044A /* Icon-72.png in Resources */,
				B806D7DC1ACA0CF200FF044A /* Icon-58.png in Resources */,
				B806D7E01ACA0CF200FF044A /* Icon-80.png in Resources */,
				B806D7DD1ACA0CF200FF044A /* Icon-60.png in Resources */,
				B806D7E51ACA0CF200FF044A /* Icon-152.png in Resources */,
				B8B842431AC6AE4E0076A0D1 /* Images.xcassets in Resources */,
				B806D7E11ACA0CF200FF044A /* Icon-87.png in Resources */,
			);
			runOnlyForDeploymentPostprocessing = 0;
		};
		B8B842491AC6AE4E0076A0D1 /* Resources */ = {
			isa = PBXResourcesBuildPhase;
			buildActionMask = 2147483647;
			files = (
			);
			runOnlyForDeploymentPostprocessing = 0;
		};
/* End PBXResourcesBuildPhase section */

/* Begin PBXShellScriptBuildPhase section */
		17FAD8BC559A709BA92728C4 /* Copy Pods Resources */ = {
			isa = PBXShellScriptBuildPhase;
			buildActionMask = 2147483647;
			files = (
			);
			inputPaths = (
			);
			name = "Copy Pods Resources";
			outputPaths = (
			);
			runOnlyForDeploymentPostprocessing = 0;
			shellPath = /bin/sh;
			shellScript = "\"${SRCROOT}/Pods/Target Support Files/Pods/Pods-resources.sh\"\n";
			showEnvVarsInLog = 0;
		};
		9D7598D4CCE719062DB400D1 /* Check Pods Manifest.lock */ = {
			isa = PBXShellScriptBuildPhase;
			buildActionMask = 2147483647;
			files = (
			);
			inputPaths = (
			);
			name = "Check Pods Manifest.lock";
			outputPaths = (
			);
			runOnlyForDeploymentPostprocessing = 0;
			shellPath = /bin/sh;
			shellScript = "diff \"${PODS_ROOT}/../Podfile.lock\" \"${PODS_ROOT}/Manifest.lock\" > /dev/null\nif [[ $? != 0 ]] ; then\n    cat << EOM\nerror: The sandbox is not in sync with the Podfile.lock. Run 'pod install' or update your CocoaPods installation.\nEOM\n    exit 1\nfi\n";
			showEnvVarsInLog = 0;
		};
/* End PBXShellScriptBuildPhase section */

/* Begin PBXSourcesBuildPhase section */
		B8B8422E1AC6AE4E0076A0D1 /* Sources */ = {
			isa = PBXSourcesBuildPhase;
			buildActionMask = 2147483647;
			files = (
				B82C049E1AC747E600E3D07F /* AGTTableViewCell.m in Sources */,
				B82C04A61AC7508A00E3D07F /* AGTBookViewController.m in Sources */,
				B8B842611AC6B49D0076A0D1 /* AGTLibrary.m in Sources */,
				B806D7C81ACA075600FF044A /* NSLayoutConstraint+Lazy.m in Sources */,
				B8B8423B1AC6AE4E0076A0D1 /* AppDelegate.m in Sources */,
				B8B842671AC6CB500076A0D1 /* AGTableViewController.m in Sources */,
				B8B8425D1AC6B10C0076A0D1 /* AGTBook.m in Sources */,
				B82C04AB1AC76FEC00E3D07F /* AGTSimplePDFViewController.m in Sources */,
				B8B842381AC6AE4E0076A0D1 /* main.m in Sources */,
				B806D7BF1AC9FBBF00FF044A /* AGTPDFViewController.m in Sources */,
			);
			runOnlyForDeploymentPostprocessing = 0;
		};
		B8B842471AC6AE4E0076A0D1 /* Sources */ = {
			isa = PBXSourcesBuildPhase;
			buildActionMask = 2147483647;
			files = (
				B8B842521AC6AE4E0076A0D1 /* HackerBooksTests.m in Sources */,
			);
			runOnlyForDeploymentPostprocessing = 0;
		};
/* End PBXSourcesBuildPhase section */

/* Begin PBXTargetDependency section */
		B8B8424D1AC6AE4E0076A0D1 /* PBXTargetDependency */ = {
			isa = PBXTargetDependency;
			target = B8B842311AC6AE4E0076A0D1 /* HackerBooks */;
			targetProxy = B8B8424C1AC6AE4E0076A0D1 /* PBXContainerItemProxy */;
		};
/* End PBXTargetDependency section */

/* Begin PBXVariantGroup section */
		B8B842441AC6AE4E0076A0D1 /* LaunchScreen.xib */ = {
			isa = PBXVariantGroup;
			children = (
				B8B842451AC6AE4E0076A0D1 /* Base */,
			);
			name = LaunchScreen.xib;
			sourceTree = "<group>";
		};
/* End PBXVariantGroup section */

/* Begin XCBuildConfiguration section */
		B8B842531AC6AE4E0076A0D1 /* Debug */ = {
			isa = XCBuildConfiguration;
			buildSettings = {
				ALWAYS_SEARCH_USER_PATHS = NO;
				CLANG_CXX_LANGUAGE_STANDARD = "gnu++0x";
				CLANG_CXX_LIBRARY = "libc++";
				CLANG_ENABLE_MODULES = YES;
				CLANG_ENABLE_OBJC_ARC = YES;
				CLANG_WARN_BOOL_CONVERSION = YES;
				CLANG_WARN_CONSTANT_CONVERSION = YES;
				CLANG_WARN_DIRECT_OBJC_ISA_USAGE = YES_ERROR;
				CLANG_WARN_EMPTY_BODY = YES;
				CLANG_WARN_ENUM_CONVERSION = YES;
				CLANG_WARN_INT_CONVERSION = YES;
				CLANG_WARN_OBJC_ROOT_CLASS = YES_ERROR;
				CLANG_WARN_UNREACHABLE_CODE = YES;
				CLANG_WARN__DUPLICATE_METHOD_MATCH = YES;
				"CODE_SIGN_IDENTITY[sdk=iphoneos*]" = "iPhone Developer";
				COPY_PHASE_STRIP = NO;
				ENABLE_STRICT_OBJC_MSGSEND = YES;
				GCC_C_LANGUAGE_STANDARD = gnu99;
				GCC_DYNAMIC_NO_PIC = NO;
				GCC_OPTIMIZATION_LEVEL = 0;
				GCC_PREPROCESSOR_DEFINITIONS = (
					"DEBUG=1",
					"$(inherited)",
				);
				GCC_SYMBOLS_PRIVATE_EXTERN = NO;
				GCC_WARN_64_TO_32_BIT_CONVERSION = YES;
				GCC_WARN_ABOUT_RETURN_TYPE = YES_ERROR;
				GCC_WARN_UNDECLARED_SELECTOR = YES;
				GCC_WARN_UNINITIALIZED_AUTOS = YES_AGGRESSIVE;
				GCC_WARN_UNUSED_FUNCTION = YES;
				GCC_WARN_UNUSED_VARIABLE = YES;
				IPHONEOS_DEPLOYMENT_TARGET = 8.2;
				MTL_ENABLE_DEBUG_INFO = YES;
				ONLY_ACTIVE_ARCH = YES;
				SDKROOT = iphoneos;
				TARGETED_DEVICE_FAMILY = 2;
			};
			name = Debug;
		};
		B8B842541AC6AE4E0076A0D1 /* Release */ = {
			isa = XCBuildConfiguration;
			buildSettings = {
				ALWAYS_SEARCH_USER_PATHS = NO;
				CLANG_CXX_LANGUAGE_STANDARD = "gnu++0x";
				CLANG_CXX_LIBRARY = "libc++";
				CLANG_ENABLE_MODULES = YES;
				CLANG_ENABLE_OBJC_ARC = YES;
				CLANG_WARN_BOOL_CONVERSION = YES;
				CLANG_WARN_CONSTANT_CONVERSION = YES;
				CLANG_WARN_DIRECT_OBJC_ISA_USAGE = YES_ERROR;
				CLANG_WARN_EMPTY_BODY = YES;
				CLANG_WARN_ENUM_CONVERSION = YES;
				CLANG_WARN_INT_CONVERSION = YES;
				CLANG_WARN_OBJC_ROOT_CLASS = YES_ERROR;
				CLANG_WARN_UNREACHABLE_CODE = YES;
				CLANG_WARN__DUPLICATE_METHOD_MATCH = YES;
				"CODE_SIGN_IDENTITY[sdk=iphoneos*]" = "iPhone Developer";
				COPY_PHASE_STRIP = NO;
				ENABLE_NS_ASSERTIONS = NO;
				ENABLE_STRICT_OBJC_MSGSEND = YES;
				GCC_C_LANGUAGE_STANDARD = gnu99;
				GCC_WARN_64_TO_32_BIT_CONVERSION = YES;
				GCC_WARN_ABOUT_RETURN_TYPE = YES_ERROR;
				GCC_WARN_UNDECLARED_SELECTOR = YES;
				GCC_WARN_UNINITIALIZED_AUTOS = YES_AGGRESSIVE;
				GCC_WARN_UNUSED_FUNCTION = YES;
				GCC_WARN_UNUSED_VARIABLE = YES;
				IPHONEOS_DEPLOYMENT_TARGET = 8.2;
				MTL_ENABLE_DEBUG_INFO = NO;
				SDKROOT = iphoneos;
				TARGETED_DEVICE_FAMILY = 2;
				VALIDATE_PRODUCT = YES;
			};
			name = Release;
		};
		B8B842561AC6AE4E0076A0D1 /* Debug */ = {
			isa = XCBuildConfiguration;
			baseConfigurationReference = A38F4DDE82F52CABCF2869AA /* Pods.debug.xcconfig */;
			buildSettings = {
				ASSETCATALOG_COMPILER_APPICON_NAME = AppIcon;
				INFOPLIST_FILE = HackerBooks/Info.plist;
				IPHONEOS_DEPLOYMENT_TARGET = 7.0;
				LD_RUNPATH_SEARCH_PATHS = "$(inherited) @executable_path/Frameworks";
				PRODUCT_NAME = "$(TARGET_NAME)";
				TARGETED_DEVICE_FAMILY = "1,2";
			};
			name = Debug;
		};
		B8B842571AC6AE4E0076A0D1 /* Release */ = {
			isa = XCBuildConfiguration;
			baseConfigurationReference = FAD85DD40EAFDB107562BF46 /* Pods.release.xcconfig */;
			buildSettings = {
				ASSETCATALOG_COMPILER_APPICON_NAME = AppIcon;
				INFOPLIST_FILE = HackerBooks/Info.plist;
				IPHONEOS_DEPLOYMENT_TARGET = 7.0;
				LD_RUNPATH_SEARCH_PATHS = "$(inherited) @executable_path/Frameworks";
				PRODUCT_NAME = "$(TARGET_NAME)";
				TARGETED_DEVICE_FAMILY = "1,2";
			};
			name = Release;
		};
		B8B842591AC6AE4E0076A0D1 /* Debug */ = {
			isa = XCBuildConfiguration;
			buildSettings = {
				BUNDLE_LOADER = "$(TEST_HOST)";
				FRAMEWORK_SEARCH_PATHS = (
					"$(SDKROOT)/Developer/Library/Frameworks",
					"$(inherited)",
				);
				GCC_PREPROCESSOR_DEFINITIONS = (
					"DEBUG=1",
					"$(inherited)",
				);
				INFOPLIST_FILE = HackerBooksTests/Info.plist;
				LD_RUNPATH_SEARCH_PATHS = "$(inherited) @executable_path/Frameworks @loader_path/Frameworks";
				PRODUCT_NAME = "$(TARGET_NAME)";
				TEST_HOST = "$(BUILT_PRODUCTS_DIR)/HackerBooks.app/HackerBooks";
			};
			name = Debug;
		};
		B8B8425A1AC6AE4E0076A0D1 /* Release */ = {
			isa = XCBuildConfiguration;
			buildSettings = {
				BUNDLE_LOADER = "$(TEST_HOST)";
				FRAMEWORK_SEARCH_PATHS = (
					"$(SDKROOT)/Developer/Library/Frameworks",
					"$(inherited)",
				);
				INFOPLIST_FILE = HackerBooksTests/Info.plist;
				LD_RUNPATH_SEARCH_PATHS = "$(inherited) @executable_path/Frameworks @loader_path/Frameworks";
				PRODUCT_NAME = "$(TARGET_NAME)";
				TEST_HOST = "$(BUILT_PRODUCTS_DIR)/HackerBooks.app/HackerBooks";
			};
			name = Release;
		};
/* End XCBuildConfiguration section */

/* Begin XCConfigurationList section */
		B8B8422D1AC6AE4E0076A0D1 /* Build configuration list for PBXProject "HackerBooks" */ = {
			isa = XCConfigurationList;
			buildConfigurations = (
				B8B842531AC6AE4E0076A0D1 /* Debug */,
				B8B842541AC6AE4E0076A0D1 /* Release */,
			);
			defaultConfigurationIsVisible = 0;
			defaultConfigurationName = Release;
		};
		B8B842551AC6AE4E0076A0D1 /* Build configuration list for PBXNativeTarget "HackerBooks" */ = {
			isa = XCConfigurationList;
			buildConfigurations = (
				B8B842561AC6AE4E0076A0D1 /* Debug */,
				B8B842571AC6AE4E0076A0D1 /* Release */,
			);
			defaultConfigurationIsVisible = 0;
			defaultConfigurationName = Release;
		};
		B8B842581AC6AE4E0076A0D1 /* Build configuration list for PBXNativeTarget "HackerBooksTests" */ = {
			isa = XCConfigurationList;
			buildConfigurations = (
				B8B842591AC6AE4E0076A0D1 /* Debug */,
				B8B8425A1AC6AE4E0076A0D1 /* Release */,
			);
			defaultConfigurationIsVisible = 0;
			defaultConfigurationName = Release;
		};
/* End XCConfigurationList section */
	};
	rootObject = B8B8422A1AC6AE4E0076A0D1 /* Project object */;
}
